
Microsoft Visual Studio Solution File, Format Version 12.00
# Visual Studio 15
VisualStudioVersion = 15.0.26730.12
MinimumVisualStudioVersion = 10.0.40219.1
Project("{9A19103F-16F7-4668-BE54-9A1E7A4F7556}") = "Hotline.Sentry", "Hotline.Sentry\Hotline.Sentry.csproj", "{5168EE8B-7AC4-45C9-9A24-E4E6D70EC1B1}"
EndProject
Project("{FAE04EC0-301F-11D3-BF4B-00C04F79EFBC}") = "Hotline.Core", "Hotline.Core\Hotline.Core.csproj", "{AAF622F1-C4BC-45AA-9767-61C39B0E9A23}"
EndProject
Global
	GlobalSection(SolutionConfigurationPlatforms) = preSolution
		Debug|Any CPU = Debug|Any CPU
		Release|Any CPU = Release|Any CPU
	EndGlobalSection
	GlobalSection(ProjectConfigurationPlatforms) = postSolution
		{5168EE8B-7AC4-45C9-9A24-E4E6D70EC1B1}.Debug|Any CPU.ActiveCfg = Debug|Any CPU
		{5168EE8B-7AC4-45C9-9A24-E4E6D70EC1B1}.Debug|Any CPU.Build.0 = Debug|Any CPU
		{5168EE8B-7AC4-45C9-9A24-E4E6D70EC1B1}.Release|Any CPU.ActiveCfg = Release|Any CPU
		{5168EE8B-7AC4-45C9-9A24-E4E6D70EC1B1}.Release|Any CPU.Build.0 = Release|Any CPU
		{AAF622F1-C4BC-45AA-9767-61C39B0E9A23}.Debug|Any CPU.ActiveCfg = Debug|Any CPU
		{AAF622F1-C4BC-45AA-9767-61C39B0E9A23}.Debug|Any CPU.Build.0 = Debug|Any CPU
		{AAF622F1-C4BC-45AA-9767-61C39B0E9A23}.Release|Any CPU.ActiveCfg = Release|Any CPU
		{AAF622F1-C4BC-45AA-9767-61C39B0E9A23}.Release|Any CPU.Build.0 = Release|Any CPU
	EndGlobalSection
	GlobalSection(SolutionProperties) = preSolution
		HideSolutionNode = FALSE
	EndGlobalSection
	GlobalSection(ExtensibilityGlobals) = postSolution
		SolutionGuid = {AD3F12A1-B4C2-4BFE-90D1-864719EA330B}
	EndGlobalSection
EndGlobal
